
Microsoft Visual Studio Solution File, Format Version 12.00
# Visual Studio Version 17
VisualStudioVersion = 17.8.34309.116
MinimumVisualStudioVersion = 10.0.40219.1
Project("{FAE04EC0-301F-11D3-BF4B-00C04F79EFBC}") = "Geometria", "Geometria\Geometria.csproj", "{3F7525BC-9E64-4F56-8F01-39B9533361F8}"
EndProject
Global
	GlobalSection(SolutionConfigurationPlatforms) = preSolution
		Debug|Any CPU = Debug|Any CPU
		Release|Any CPU = Release|Any CPU
	EndGlobalSection
	GlobalSection(ProjectConfigurationPlatforms) = postSolution
		{3F7525BC-9E64-4F56-8F01-39B9533361F8}.Debug|Any CPU.ActiveCfg = Debug|Any CPU
		{3F7525BC-9E64-4F56-8F01-39B9533361F8}.Debug|Any CPU.Build.0 = Debug|Any CPU
		{3F7525BC-9E64-4F56-8F01-39B9533361F8}.Release|Any CPU.ActiveCfg = Release|Any CPU
		{3F7525BC-9E64-4F56-8F01-39B9533361F8}.Release|Any CPU.Build.0 = Release|Any CPU
	EndGlobalSection
	GlobalSection(SolutionProperties) = preSolution
		HideSolutionNode = FALSE
	EndGlobalSection
	GlobalSection(ExtensibilityGlobals) = postSolution
		SolutionGuid = {310D3D38-3E6E-4EB7-8B19-1F6F0B0FFA1A}
	EndGlobalSection
EndGlobal
